
Microsoft Visual Studio Solution File, Format Version 12.00
# Visual Studio Version 16
VisualStudioVersion = 16.0.31313.79
MinimumVisualStudioVersion = 10.0.40219.1
Project("{FAE04EC0-301F-11D3-BF4B-00C04F79EFBC}") = "Cookies", "Cookies.csproj", "{A19B32F8-0D0B-417F-ACC0-F68A91283026}"
EndProject
Global
	GlobalSection(SolutionConfigurationPlatforms) = preSolution
		Debug|Any CPU = Debug|Any CPU
		Release|Any CPU = Release|Any CPU
	EndGlobalSection
	GlobalSection(ProjectConfigurationPlatforms) = postSolution
		{A19B32F8-0D0B-417F-ACC0-F68A91283026}.Debug|Any CPU.ActiveCfg = Debug|Any CPU
		{A19B32F8-0D0B-417F-ACC0-F68A91283026}.Debug|Any CPU.Build.0 = Debug|Any CPU
		{A19B32F8-0D0B-417F-ACC0-F68A91283026}.Release|Any CPU.ActiveCfg = Release|Any CPU
		{A19B32F8-0D0B-417F-ACC0-F68A91283026}.Release|Any CPU.Build.0 = Release|Any CPU
	EndGlobalSection
	GlobalSection(SolutionProperties) = preSolution
		HideSolutionNode = FALSE
	EndGlobalSection
	GlobalSection(ExtensibilityGlobals) = postSolution
		SolutionGuid = {035E387D-17E4-457C-B100-A8098EF0881E}
	EndGlobalSection
EndGlobal
